// !$*UTF8*$!
{
	archiveVersion = 1;
	classes = {
	};
	objectVersion = 46;
	objects = {

/* Begin PBXBuildFile section */
		CCB367591DE3D53200976B32 /* main.m in Sources */ = {isa = PBXBuildFile; fileRef = CCB367581DE3D53200976B32 /* main.m */; };
		CCB3675C1DE3D53200976B32 /* AppDelegate.m in Sources */ = {isa = PBXBuildFile; fileRef = CCB3675B1DE3D53200976B32 /* AppDelegate.m */; };
		CCB3675F1DE3D53200976B32 /* ViewController.m in Sources */ = {isa = PBXBuildFile; fileRef = CCB3675E1DE3D53200976B32 /* ViewController.m */; };
		CCB367621DE3D53200976B32 /* Main.storyboard in Resources */ = {isa = PBXBuildFile; fileRef = CCB367601DE3D53200976B32 /* Main.storyboard */; };
		CCB367641DE3D53200976B32 /* Assets.xcassets in Resources */ = {isa = PBXBuildFile; fileRef = CCB367631DE3D53200976B32 /* Assets.xcassets */; };
		CCB367671DE3D53200976B32 /* LaunchScreen.storyboard in Resources */ = {isa = PBXBuildFile; fileRef = CCB367651DE3D53200976B32 /* LaunchScreen.storyboard */; };
		CCB367721DE3D63900976B32 /* LYFPodTableViewCell.m in Sources */ = {isa = PBXBuildFile; fileRef = CCB367701DE3D63900976B32 /* LYFPodTableViewCell.m */; };
		CCB367731DE3D63900976B32 /* LYFPodTableViewCell.xib in Resources */ = {isa = PBXBuildFile; fileRef = CCB367711DE3D63900976B32 /* LYFPodTableViewCell.xib */; };
/* End PBXBuildFile section */

/* Begin PBXFileReference section */
		CCB367541DE3D53200976B32 /* LYFCategory.app */ = {isa = PBXFileReference; explicitFileType = wrapper.application; includeInIndex = 0; path = LYFCategory.app; sourceTree = BUILT_PRODUCTS_DIR; };
		CCB367581DE3D53200976B32 /* main.m */ = {isa = PBXFileReference; lastKnownFileType = sourcecode.c.objc; path = main.m; sourceTree = "<group>"; };
		CCB3675A1DE3D53200976B32 /* AppDelegate.h */ = {isa = PBXFileReference; lastKnownFileType = sourcecode.c.h; path = AppDelegate.h; sourceTree = "<group>"; };
		CCB3675B1DE3D53200976B32 /* AppDelegate.m */ = {isa = PBXFileReference; lastKnownFileType = sourcecode.c.objc; path = AppDelegate.m; sourceTree = "<group>"; };
		CCB3675D1DE3D53200976B32 /* ViewController.h */ = {isa = PBXFileReference; lastKnownFileType = sourcecode.c.h; path = ViewController.h; sourceTree = "<group>"; };
		CCB3675E1DE3D53200976B32 /* ViewController.m */ = {isa = PBXFileReference; lastKnownFileType = sourcecode.c.objc; path = ViewController.m; sourceTree = "<group>"; };
		CCB367611DE3D53200976B32 /* Base */ = {isa = PBXFileReference; lastKnownFileType = file.storyboard; name = Base; path = Base.lproj/Main.storyboard; sourceTree = "<group>"; };
		CCB367631DE3D53200976B32 /* Assets.xcassets */ = {isa = PBXFileReference; lastKnownFileType = folder.assetcatalog; path = Assets.xcassets; sourceTree = "<group>"; };
		CCB367661DE3D53200976B32 /* Base */ = {isa = PBXFileReference; lastKnownFileType = file.storyboard; name = Base; path = Base.lproj/LaunchScreen.storyboard; sourceTree = "<group>"; };
		CCB367681DE3D53200976B32 /* Info.plist */ = {isa = PBXFileReference; lastKnownFileType = text.plist.xml; path = Info.plist; sourceTree = "<group>"; };
		CCB3676F1DE3D63900976B32 /* LYFPodTableViewCell.h */ = {isa = PBXFileReference; fileEncoding = 4; lastKnownFileType = sourcecode.c.h; path = LYFPodTableViewCell.h; sourceTree = "<group>"; };
		CCB367701DE3D63900976B32 /* LYFPodTableViewCell.m */ = {isa = PBXFileReference; fileEncoding = 4; lastKnownFileType = sourcecode.c.objc; path = LYFPodTableViewCell.m; sourceTree = "<group>"; };
		CCB367711DE3D63900976B32 /* LYFPodTableViewCell.xib */ = {isa = PBXFileReference; fileEncoding = 4; lastKnownFileType = file.xib; path = LYFPodTableViewCell.xib; sourceTree = "<group>"; };
/* End PBXFileReference section */

/* Begin PBXFrameworksBuildPhase section */
		CCB367511DE3D53200976B32 /* Frameworks */ = {
			isa = PBXFrameworksBuildPhase;
			buildActionMask = 2147483647;
			files = (
			);
			runOnlyForDeploymentPostprocessing = 0;
		};
/* End PBXFrameworksBuildPhase section */

/* Begin PBXGroup section */
		CCB3674B1DE3D53200976B32 = {
			isa = PBXGroup;
			children = (
				CCB367561DE3D53200976B32 /* LYFCategory */,
				CCB367551DE3D53200976B32 /* Products */,
			);
			sourceTree = "<group>";
		};
		CCB367551DE3D53200976B32 /* Products */ = {
			isa = PBXGroup;
			children = (
				CCB367541DE3D53200976B32 /* LYFCategory.app */,
			);
			name = Products;
			sourceTree = "<group>";
		};
		CCB367561DE3D53200976B32 /* LYFCategory */ = {
			isa = PBXGroup;
			children = (
				CCB3675A1DE3D53200976B32 /* AppDelegate.h */,
				CCB3675B1DE3D53200976B32 /* AppDelegate.m */,
				CCB3675D1DE3D53200976B32 /* ViewController.h */,
				CCB3675E1DE3D53200976B32 /* ViewController.m */,
				CCB3676E1DE3D62500976B32 /* Category */,
				CCB367601DE3D53200976B32 /* Main.storyboard */,
				CCB367631DE3D53200976B32 /* Assets.xcassets */,
				CCB367651DE3D53200976B32 /* LaunchScreen.storyboard */,
				CCB367681DE3D53200976B32 /* Info.plist */,
				CCB367571DE3D53200976B32 /* Supporting Files */,
			);
			path = LYFCategory;
			sourceTree = "<group>";
		};
		CCB367571DE3D53200976B32 /* Supporting Files */ = {
			isa = PBXGroup;
			children = (
				CCB367581DE3D53200976B32 /* main.m */,
			);
			name = "Supporting Files";
			sourceTree = "<group>";
		};
		CCB3676E1DE3D62500976B32 /* Category */ = {
			isa = PBXGroup;
			children = (
				CCB3676F1DE3D63900976B32 /* LYFPodTableViewCell.h */,
				CCB367701DE3D63900976B32 /* LYFPodTableViewCell.m */,
				CCB367711DE3D63900976B32 /* LYFPodTableViewCell.xib */,
			);
			path = Category;
			sourceTree = "<group>";
		};
/* End PBXGroup section */

/* Begin PBXNativeTarget section */
		CCB367531DE3D53200976B32 /* LYFCategory */ = {
			isa = PBXNativeTarget;
			buildConfigurationList = CCB3676B1DE3D53200976B32 /* Build configuration list for PBXNativeTarget "LYFCategory" */;
			buildPhases = (
				CCB367501DE3D53200976B32 /* Sources */,
				CCB367511DE3D53200976B32 /* Frameworks */,
				CCB367521DE3D53200976B32 /* Resources */,
			);
			buildRules = (
			);
			dependencies = (
			);
			name = LYFCategory;
			productName = LYFCategory;
			productReference = CCB367541DE3D53200976B32 /* LYFCategory.app */;
			productType = "com.apple.product-type.application";
		};
/* End PBXNativeTarget section */

/* Begin PBXProject section */
		CCB3674C1DE3D53200976B32 /* Project object */ = {
			isa = PBXProject;
			attributes = {
				LastUpgradeCheck = 0810;
				ORGANIZATIONNAME = "阿福-工作";
				TargetAttributes = {
					CCB367531DE3D53200976B32 = {
						CreatedOnToolsVersion = 8.1;
						ProvisioningStyle = Automatic;
					};
				};
			};
			buildConfigurationList = CCB3674F1DE3D53200976B32 /* Build configuration list for PBXProject "LYFCategory" */;
			compatibilityVersion = "Xcode 3.2";
			developmentRegion = English;
			hasScannedForEncodings = 0;
			knownRegions = (
				en,
				Base,
			);
			mainGroup = CCB3674B1DE3D53200976B32;
			productRefGroup = CCB367551DE3D53200976B32 /* Products */;
			projectDirPath = "";
			projectRoot = "";
			targets = (
				CCB367531DE3D53200976B32 /* LYFCategory */,
			);
		};
/* End PBXProject section */

/* Begin PBXResourcesBuildPhase section */
		CCB367521DE3D53200976B32 /* Resources */ = {
			isa = PBXResourcesBuildPhase;
			buildActionMask = 2147483647;
			files = (
				CCB367671DE3D53200976B32 /* LaunchScreen.storyboard in Resources */,
				CCB367731DE3D63900976B32 /* LYFPodTableViewCell.xib in Resources */,
				CCB367641DE3D53200976B32 /* Assets.xcassets in Resources */,
				CCB367621DE3D53200976B32 /* Main.storyboard in Resources */,
			);
			runOnlyForDeploymentPostprocessing = 0;
		};
/* End PBXResourcesBuildPhase section */

/* Begin PBXSourcesBuildPhase section */
		CCB367501DE3D53200976B32 /* Sources */ = {
			isa = PBXSourcesBuildPhase;
			buildActionMask = 2147483647;
			files = (
				CCB3675F1DE3D53200976B32 /* ViewController.m in Sources */,
				CCB367721DE3D63900976B32 /* LYFPodTableViewCell.m in Sources */,
				CCB3675C1DE3D53200976B32 /* AppDelegate.m in Sources */,
				CCB367591DE3D53200976B32 /* main.m in Sources */,
			);
			runOnlyForDeploymentPostprocessing = 0;
		};
/* End PBXSourcesBuildPhase section */

/* Begin PBXVariantGroup section */
		CCB367601DE3D53200976B32 /* Main.storyboard */ = {
			isa = PBXVariantGroup;
			children = (
				CCB367611DE3D53200976B32 /* Base */,
			);
			name = Main.storyboard;
			sourceTree = "<group>";
		};
		CCB367651DE3D53200976B32 /* LaunchScreen.storyboard */ = {
			isa = PBXVariantGroup;
			children = (
				CCB367661DE3D53200976B32 /* Base */,
			);
			name = LaunchScreen.storyboard;
			sourceTree = "<group>";
		};
/* End PBXVariantGroup section */

/* Begin XCBuildConfiguration section */
		CCB367691DE3D53200976B32 /* Debug */ = {
			isa = XCBuildConfiguration;
			buildSettings = {
				ALWAYS_SEARCH_USER_PATHS = NO;
				CLANG_ANALYZER_NONNULL = YES;
				CLANG_CXX_LANGUAGE_STANDARD = "gnu++0x";
				CLANG_CXX_LIBRARY = "libc++";
				CLANG_ENABLE_MODULES = YES;
				CLANG_ENABLE_OBJC_ARC = YES;
				CLANG_WARN_BOOL_CONVERSION = YES;
				CLANG_WARN_CONSTANT_CONVERSION = YES;
				CLANG_WARN_DIRECT_OBJC_ISA_USAGE = YES_ERROR;
				CLANG_WARN_DOCUMENTATION_COMMENTS = YES;
				CLANG_WARN_EMPTY_BODY = YES;
				CLANG_WARN_ENUM_CONVERSION = YES;
				CLANG_WARN_INFINITE_RECURSION = YES;
				CLANG_WARN_INT_CONVERSION = YES;
				CLANG_WARN_OBJC_ROOT_CLASS = YES_ERROR;
				CLANG_WARN_SUSPICIOUS_MOVES = YES;
				CLANG_WARN_UNREACHABLE_CODE = YES;
				CLANG_WARN__DUPLICATE_METHOD_MATCH = YES;
				"CODE_SIGN_IDENTITY[sdk=iphoneos*]" = "iPhone Developer";
				COPY_PHASE_STRIP = NO;
				DEBUG_INFORMATION_FORMAT = dwarf;
				ENABLE_STRICT_OBJC_MSGSEND = YES;
				ENABLE_TESTABILITY = YES;
				GCC_C_LANGUAGE_STANDARD = gnu99;
				GCC_DYNAMIC_NO_PIC = NO;
				GCC_NO_COMMON_BLOCKS = YES;
				GCC_OPTIMIZATION_LEVEL = 0;
				GCC_PREPROCESSOR_DEFINITIONS = (
					"DEBUG=1",
					"$(inherited)",
				);
				GCC_WARN_64_TO_32_BIT_CONVERSION = YES;
				GCC_WARN_ABOUT_RETURN_TYPE = YES_ERROR;
				GCC_WARN_UNDECLARED_SELECTOR = YES;
				GCC_WARN_UNINITIALIZED_AUTOS = YES_AGGRESSIVE;
				GCC_WARN_UNUSED_FUNCTION = YES;
				GCC_WARN_UNUSED_VARIABLE = YES;
				IPHONEOS_DEPLOYMENT_TARGET = 10.1;
				MTL_ENABLE_DEBUG_INFO = YES;
				ONLY_ACTIVE_ARCH = YES;
				SDKROOT = iphoneos;
				TARGETED_DEVICE_FAMILY = "1,2";
			};
			name = Debug;
		};
		CCB3676A1DE3D53200976B32 /* Release */ = {
			isa = XCBuildConfiguration;
			buildSettings = {
				ALWAYS_SEARCH_USER_PATHS = NO;
				CLANG_ANALYZER_NONNULL = YES;
				CLANG_CXX_LANGUAGE_STANDARD = "gnu++0x";
				CLANG_CXX_LIBRARY = "libc++";
				CLANG_ENABLE_MODULES = YES;
				CLANG_ENABLE_OBJC_ARC = YES;
				CLANG_WARN_BOOL_CONVERSION = YES;
				CLANG_WARN_CONSTANT_CONVERSION = YES;
				CLANG_WARN_DIRECT_OBJC_ISA_USAGE = YES_ERROR;
				CLANG_WARN_DOCUMENTATION_COMMENTS = YES;
				CLANG_WARN_EMPTY_BODY = YES;
				CLANG_WARN_ENUM_CONVERSION = YES;
				CLANG_WARN_INFINITE_RECURSION = YES;
				CLANG_WARN_INT_CONVERSION = YES;
				CLANG_WARN_OBJC_ROOT_CLASS = YES_ERROR;
				CLANG_WARN_SUSPICIOUS_MOVES = YES;
				CLANG_WARN_UNREACHABLE_CODE = YES;
				CLANG_WARN__DUPLICATE_METHOD_MATCH = YES;
				"CODE_SIGN_IDENTITY[sdk=iphoneos*]" = "iPhone Developer";
				COPY_PHASE_STRIP = NO;
				DEBUG_INFORMATION_FORMAT = "dwarf-with-dsym";
				ENABLE_NS_ASSERTIONS = NO;
				ENABLE_STRICT_OBJC_MSGSEND = YES;
				GCC_C_LANGUAGE_STANDARD = gnu99;
				GCC_NO_COMMON_BLOCKS = YES;
				GCC_WARN_64_TO_32_BIT_CONVERSION = YES;
				GCC_WARN_ABOUT_RETURN_TYPE = YES_ERROR;
				GCC_WARN_UNDECLARED_SELECTOR = YES;
				GCC_WARN_UNINITIALIZED_AUTOS = YES_AGGRESSIVE;
				GCC_WARN_UNUSED_FUNCTION = YES;
				GCC_WARN_UNUSED_VARIABLE = YES;
				IPHONEOS_DEPLOYMENT_TARGET = 10.1;
				MTL_ENABLE_DEBUG_INFO = NO;
				SDKROOT = iphoneos;
				TARGETED_DEVICE_FAMILY = "1,2";
				VALIDATE_PRODUCT = YES;
			};
			name = Release;
		};
		CCB3676C1DE3D53200976B32 /* Debug */ = {
			isa = XCBuildConfiguration;
			buildSettings = {
				ASSETCATALOG_COMPILER_APPICON_NAME = AppIcon;
				INFOPLIST_FILE = LYFCategory/Info.plist;
				LD_RUNPATH_SEARCH_PATHS = "$(inherited) @executable_path/Frameworks";
				PRODUCT_BUNDLE_IDENTIFIER = linyongfu.LYFCategory;
				PRODUCT_NAME = "$(TARGET_NAME)";
			};
			name = Debug;
		};
		CCB3676D1DE3D53200976B32 /* Release */ = {
			isa = XCBuildConfiguration;
			buildSettings = {
				ASSETCATALOG_COMPILER_APPICON_NAME = AppIcon;
				INFOPLIST_FILE = LYFCategory/Info.plist;
				LD_RUNPATH_SEARCH_PATHS = "$(inherited) @executable_path/Frameworks";
				PRODUCT_BUNDLE_IDENTIFIER = linyongfu.LYFCategory;
				PRODUCT_NAME = "$(TARGET_NAME)";
			};
			name = Release;
		};
/* End XCBuildConfiguration section */

/* Begin XCConfigurationList section */
		CCB3674F1DE3D53200976B32 /* Build configuration list for PBXProject "LYFCategory" */ = {
			isa = XCConfigurationList;
			buildConfigurations = (
				CCB367691DE3D53200976B32 /* Debug */,
				CCB3676A1DE3D53200976B32 /* Release */,
			);
			defaultConfigurationIsVisible = 0;
			defaultConfigurationName = Release;
		};
		CCB3676B1DE3D53200976B32 /* Build configuration list for PBXNativeTarget "LYFCategory" */ = {
			isa = XCConfigurationList;
			buildConfigurations = (
				CCB3676C1DE3D53200976B32 /* Debug */,
				CCB3676D1DE3D53200976B32 /* Release */,
			);
			defaultConfigurationIsVisible = 0;
			defaultConfigurationName = Release;
		};
/* End XCConfigurationList section */
	};
	rootObject = CCB3674C1DE3D53200976B32 /* Project object */;
}
